
Microsoft Visual Studio Solution File, Format Version 12.00
# Visual Studio Version 17
VisualStudioVersion = 17.0.31903.59
MinimumVisualStudioVersion = 10.0.40219.1
Project("{FAE04EC0-301F-11D3-BF4B-00C04F79EFBC}") = "Dominio", "Dominio\Dominio.csproj", "{0A4AAE0A-DD03-4ACF-88A2-E43B004656C1}"
EndProject
Project("{FAE04EC0-301F-11D3-BF4B-00C04F79EFBC}") = "Persistencia", "Persistencia\Persistencia.csproj", "{4547DC68-E27A-4B89-AAAE-B525A4BFD309}"
EndProject
Project("{FAE04EC0-301F-11D3-BF4B-00C04F79EFBC}") = "Aplicacion", "Aplicacion\Aplicacion.csproj", "{5F597ECD-3CBD-45FC-8E9E-3995EF660735}"
EndProject
Project("{FAE04EC0-301F-11D3-BF4B-00C04F79EFBC}") = "WebAPI", "WebAPI\WebAPI.csproj", "{A59F8FD9-3BD4-4D94-AB88-3FACA5AFFCD7}"
EndProject
Global
	GlobalSection(SolutionConfigurationPlatforms) = preSolution
		Debug|Any CPU = Debug|Any CPU
		Release|Any CPU = Release|Any CPU
	EndGlobalSection
	GlobalSection(SolutionProperties) = preSolution
		HideSolutionNode = FALSE
	EndGlobalSection
	GlobalSection(ProjectConfigurationPlatforms) = postSolution
		{0A4AAE0A-DD03-4ACF-88A2-E43B004656C1}.Debug|Any CPU.ActiveCfg = Debug|Any CPU
		{0A4AAE0A-DD03-4ACF-88A2-E43B004656C1}.Debug|Any CPU.Build.0 = Debug|Any CPU
		{0A4AAE0A-DD03-4ACF-88A2-E43B004656C1}.Release|Any CPU.ActiveCfg = Release|Any CPU
		{0A4AAE0A-DD03-4ACF-88A2-E43B004656C1}.Release|Any CPU.Build.0 = Release|Any CPU
		{4547DC68-E27A-4B89-AAAE-B525A4BFD309}.Debug|Any CPU.ActiveCfg = Debug|Any CPU
		{4547DC68-E27A-4B89-AAAE-B525A4BFD309}.Debug|Any CPU.Build.0 = Debug|Any CPU
		{4547DC68-E27A-4B89-AAAE-B525A4BFD309}.Release|Any CPU.ActiveCfg = Release|Any CPU
		{4547DC68-E27A-4B89-AAAE-B525A4BFD309}.Release|Any CPU.Build.0 = Release|Any CPU
		{5F597ECD-3CBD-45FC-8E9E-3995EF660735}.Debug|Any CPU.ActiveCfg = Debug|Any CPU
		{5F597ECD-3CBD-45FC-8E9E-3995EF660735}.Debug|Any CPU.Build.0 = Debug|Any CPU
		{5F597ECD-3CBD-45FC-8E9E-3995EF660735}.Release|Any CPU.ActiveCfg = Release|Any CPU
		{5F597ECD-3CBD-45FC-8E9E-3995EF660735}.Release|Any CPU.Build.0 = Release|Any CPU
		{A59F8FD9-3BD4-4D94-AB88-3FACA5AFFCD7}.Debug|Any CPU.ActiveCfg = Debug|Any CPU
		{A59F8FD9-3BD4-4D94-AB88-3FACA5AFFCD7}.Debug|Any CPU.Build.0 = Debug|Any CPU
		{A59F8FD9-3BD4-4D94-AB88-3FACA5AFFCD7}.Release|Any CPU.ActiveCfg = Release|Any CPU
		{A59F8FD9-3BD4-4D94-AB88-3FACA5AFFCD7}.Release|Any CPU.Build.0 = Release|Any CPU
	EndGlobalSection
EndGlobal
